
Microsoft Visual Studio Solution File, Format Version 12.00
# Visual Studio Version 17
VisualStudioVersion = 17.9.34714.143
MinimumVisualStudioVersion = 10.0.40219.1
Project("{9A19103F-16F7-4668-BE54-9A1E7A4F7556}") = "ClassScheduleManagement", "ClassScheduleManagement\ClassScheduleManagement.csproj", "{81BFD383-6F05-46AE-9C26-11575585AF36}"
EndProject
Project("{9A19103F-16F7-4668-BE54-9A1E7A4F7556}") = "Model", "Model\Model.csproj", "{7E76A139-4B7C-4E8F-8F20-03EA4D6C94A4}"
EndProject
Project("{9A19103F-16F7-4668-BE54-9A1E7A4F7556}") = "BusinessLayer", "SchedClass\BusinessLayer.csproj", "{7A8ED2D9-AA03-4B11-95B1-31F2B4C7D80C}"
EndProject
Project("{FAE04EC0-301F-11D3-BF4B-00C04F79EFBC}") = "DataLayer", "DataLayer\DataLayer.csproj", "{02134CD2-8676-4C95-9D97-832D50EFD79A}"
EndProject
Global
	GlobalSection(SolutionConfigurationPlatforms) = preSolution
		Debug|Any CPU = Debug|Any CPU
		Release|Any CPU = Release|Any CPU
	EndGlobalSection
	GlobalSection(ProjectConfigurationPlatforms) = postSolution
		{81BFD383-6F05-46AE-9C26-11575585AF36}.Debug|Any CPU.ActiveCfg = Debug|Any CPU
		{81BFD383-6F05-46AE-9C26-11575585AF36}.Debug|Any CPU.Build.0 = Debug|Any CPU
		{81BFD383-6F05-46AE-9C26-11575585AF36}.Release|Any CPU.ActiveCfg = Release|Any CPU
		{81BFD383-6F05-46AE-9C26-11575585AF36}.Release|Any CPU.Build.0 = Release|Any CPU
		{7E76A139-4B7C-4E8F-8F20-03EA4D6C94A4}.Debug|Any CPU.ActiveCfg = Debug|Any CPU
		{7E76A139-4B7C-4E8F-8F20-03EA4D6C94A4}.Debug|Any CPU.Build.0 = Debug|Any CPU
		{7E76A139-4B7C-4E8F-8F20-03EA4D6C94A4}.Release|Any CPU.ActiveCfg = Release|Any CPU
		{7E76A139-4B7C-4E8F-8F20-03EA4D6C94A4}.Release|Any CPU.Build.0 = Release|Any CPU
		{7A8ED2D9-AA03-4B11-95B1-31F2B4C7D80C}.Debug|Any CPU.ActiveCfg = Debug|Any CPU
		{7A8ED2D9-AA03-4B11-95B1-31F2B4C7D80C}.Debug|Any CPU.Build.0 = Debug|Any CPU
		{7A8ED2D9-AA03-4B11-95B1-31F2B4C7D80C}.Release|Any CPU.ActiveCfg = Release|Any CPU
		{7A8ED2D9-AA03-4B11-95B1-31F2B4C7D80C}.Release|Any CPU.Build.0 = Release|Any CPU
		{02134CD2-8676-4C95-9D97-832D50EFD79A}.Debug|Any CPU.ActiveCfg = Debug|Any CPU
		{02134CD2-8676-4C95-9D97-832D50EFD79A}.Debug|Any CPU.Build.0 = Debug|Any CPU
		{02134CD2-8676-4C95-9D97-832D50EFD79A}.Release|Any CPU.ActiveCfg = Release|Any CPU
		{02134CD2-8676-4C95-9D97-832D50EFD79A}.Release|Any CPU.Build.0 = Release|Any CPU
	EndGlobalSection
	GlobalSection(SolutionProperties) = preSolution
		HideSolutionNode = FALSE
	EndGlobalSection
	GlobalSection(ExtensibilityGlobals) = postSolution
		SolutionGuid = {285EEB4C-957F-42E0-9065-D7B5D9CDF07A}
	EndGlobalSection
EndGlobal
